
Microsoft Visual Studio Solution File, Format Version 12.00
# Visual Studio Version 17
VisualStudioVersion = 17.1.32414.318
MinimumVisualStudioVersion = 10.0.40219.1
Project("{2150E333-8FDC-42A3-9474-1A3956D46DE8}") = "1_Specifications", "1_Specifications", "{56E3F93A-95DE-4FFB-BDF8-ED0F62FD1973}"
EndProject
Project("{FAE04EC0-301F-11D3-BF4B-00C04F79EFBC}") = "TheMealDb_API", "1_Specifications\TheMealDb_API\TheMealDb_API\TheMealDb_API.csproj", "{977BB8F8-123F-4A53-9EBA-DA3BADF886A4}"
EndProject
Project("{2150E333-8FDC-42A3-9474-1A3956D46DE8}") = "TheMealDb_API", "TheMealDb_API", "{A49AA3CF-97B6-4108-B8F9-EA032B096331}"
EndProject
Project("{2150E333-8FDC-42A3-9474-1A3956D46DE8}") = "3_Project", "3_Project", "{27020E55-3BB5-4052-8C8D-234C2F1D69AE}"
EndProject
Global
	GlobalSection(SolutionConfigurationPlatforms) = preSolution
		Debug|Any CPU = Debug|Any CPU
		Release|Any CPU = Release|Any CPU
	EndGlobalSection
	GlobalSection(ProjectConfigurationPlatforms) = postSolution
		{977BB8F8-123F-4A53-9EBA-DA3BADF886A4}.Debug|Any CPU.ActiveCfg = Debug|Any CPU
		{977BB8F8-123F-4A53-9EBA-DA3BADF886A4}.Debug|Any CPU.Build.0 = Debug|Any CPU
		{977BB8F8-123F-4A53-9EBA-DA3BADF886A4}.Release|Any CPU.ActiveCfg = Release|Any CPU
		{977BB8F8-123F-4A53-9EBA-DA3BADF886A4}.Release|Any CPU.Build.0 = Release|Any CPU
	EndGlobalSection
	GlobalSection(SolutionProperties) = preSolution
		HideSolutionNode = FALSE
	EndGlobalSection
	GlobalSection(NestedProjects) = preSolution
		{977BB8F8-123F-4A53-9EBA-DA3BADF886A4} = {A49AA3CF-97B6-4108-B8F9-EA032B096331}
		{A49AA3CF-97B6-4108-B8F9-EA032B096331} = {56E3F93A-95DE-4FFB-BDF8-ED0F62FD1973}
	EndGlobalSection
	GlobalSection(ExtensibilityGlobals) = postSolution
		SolutionGuid = {ED2962A4-DC08-4CB0-987A-8644DB4A040C}
	EndGlobalSection
EndGlobal
